PODS:
  - SwiftLint (0.59.1)
  - SwiftUtils (5.0.0)

DEPENDENCIES:
  - SwiftLint
  - SwiftUtils (from `./`)

SPEC REPOS:
  trunk:
    - SwiftLint

EXTERNAL SOURCES:
  SwiftUtils:
    :path: "./"

SPEC CHECKSUMS:
  SwiftLint: 3d48e2fb2a3468fdaccf049e5e755df22fb40c2c
  SwiftUtils: eaf75cd5fa6daa50748674d58fb002c0f7218e60

PODFILE CHECKSUM: 68e9eab99edae197d48c2022be8d090f90eaa971

COCOAPODS: 1.15.2
